
Microsoft Visual Studio Solution File, Format Version 12.00
# Visual Studio Version 17
VisualStudioVersion = 17.9.34701.34
MinimumVisualStudioVersion = 10.0.40219.1
Project("{FAE04EC0-301F-11D3-BF4B-00C04F79EFBC}") = "Hearts", "Hearts.csproj", "{07EDCFF0-7806-4434-991D-35AEA9D3B94A}"
EndProject
Global
	GlobalSection(SolutionConfigurationPlatforms) = preSolution
		Debug|Any CPU = Debug|Any CPU
		Release|Any CPU = Release|Any CPU
	EndGlobalSection
	GlobalSection(ProjectConfigurationPlatforms) = postSolution
		{07EDCFF0-7806-4434-991D-35AEA9D3B94A}.Debug|Any CPU.ActiveCfg = Debug|Any CPU
		{07EDCFF0-7806-4434-991D-35AEA9D3B94A}.Debug|Any CPU.Build.0 = Debug|Any CPU
		{07EDCFF0-7806-4434-991D-35AEA9D3B94A}.Release|Any CPU.ActiveCfg = Release|Any CPU
		{07EDCFF0-7806-4434-991D-35AEA9D3B94A}.Release|Any CPU.Build.0 = Release|Any CPU
	EndGlobalSection
	GlobalSection(SolutionProperties) = preSolution
		HideSolutionNode = FALSE
	EndGlobalSection
	GlobalSection(ExtensibilityGlobals) = postSolution
		SolutionGuid = {7B317C5A-E2B2-4379-A2C1-87769CEBB706}
	EndGlobalSection
EndGlobal
